// !$*UTF8*$!
{
	archiveVersion = 1;
	classes = {
	};
	objectVersion = 46;
	objects = {

/* Begin PBXBuildFile section */
		2277DAAD1F278B90004CC4DE /* AppDelegate.swift in Sources */ = {isa = PBXBuildFile; fileRef = 2277DAAC1F278B90004CC4DE /* AppDelegate.swift */; };
		2277DAAF1F278B90004CC4DE /* ViewController.swift in Sources */ = {isa = PBXBuildFile; fileRef = 2277DAAE1F278B90004CC4DE /* ViewController.swift */; };
		2277DAB21F278B90004CC4DE /* Main.storyboard in Resources */ = {isa = PBXBuildFile; fileRef = 2277DAB01F278B90004CC4DE /* Main.storyboard */; };
		2277DAB41F278B90004CC4DE /* Assets.xcassets in Resources */ = {isa = PBXBuildFile; fileRef = 2277DAB31F278B90004CC4DE /* Assets.xcassets */; };
		2277DAB71F278B90004CC4DE /* LaunchScreen.storyboard in Resources */ = {isa = PBXBuildFile; fileRef = 2277DAB51F278B90004CC4DE /* LaunchScreen.storyboard */; };
		2277DAC21F278B91004CC4DE /* _5_uistackviewTests.swift in Sources */ = {isa = PBXBuildFile; fileRef = 2277DAC11F278B91004CC4DE /* _5_uistackviewTests.swift */; };
		2277DACD1F278B91004CC4DE /* _5_uistackviewUITests.swift in Sources */ = {isa = PBXBuildFile; fileRef = 2277DACC1F278B91004CC4DE /* _5_uistackviewUITests.swift */; };
/* End PBXBuildFile section */

/* Begin PBXContainerItemProxy section */
		2277DABE1F278B91004CC4DE /* PBXContainerItemProxy */ = {
			isa = PBXContainerItemProxy;
			containerPortal = 2277DAA11F278B90004CC4DE /* Project object */;
			proxyType = 1;
			remoteGlobalIDString = 2277DAA81F278B90004CC4DE;
			remoteInfo = 05_uistackview;
		};
		2277DAC91F278B91004CC4DE /* PBXContainerItemProxy */ = {
			isa = PBXContainerItemProxy;
			containerPortal = 2277DAA11F278B90004CC4DE /* Project object */;
			proxyType = 1;
			remoteGlobalIDString = 2277DAA81F278B90004CC4DE;
			remoteInfo = 05_uistackview;
		};
/* End PBXContainerItemProxy section */

/* Begin PBXFileReference section */
		2277DAA91F278B90004CC4DE /* 05_uistackview.app */ = {isa = PBXFileReference; explicitFileType = wrapper.application; includeInIndex = 0; path = 05_uistackview.app; sourceTree = BUILT_PRODUCTS_DIR; };
		2277DAAC1F278B90004CC4DE /* AppDelegate.swift */ = {isa = PBXFileReference; lastKnownFileType = sourcecode.swift; path = AppDelegate.swift; sourceTree = "<group>"; };
		2277DAAE1F278B90004CC4DE /* ViewController.swift */ = {isa = PBXFileReference; lastKnownFileType = sourcecode.swift; path = ViewController.swift; sourceTree = "<group>"; };
		2277DAB11F278B90004CC4DE /* Base */ = {isa = PBXFileReference; lastKnownFileType = file.storyboard; name = Base; path = Base.lproj/Main.storyboard; sourceTree = "<group>"; };
		2277DAB31F278B90004CC4DE /* Assets.xcassets */ = {isa = PBXFileReference; lastKnownFileType = folder.assetcatalog; path = Assets.xcassets; sourceTree = "<group>"; };
		2277DAB61F278B90004CC4DE /* Base */ = {isa = PBXFileReference; lastKnownFileType = file.storyboard; name = Base; path = Base.lproj/LaunchScreen.storyboard; sourceTree = "<group>"; };
		2277DAB81F278B90004CC4DE /* Info.plist */ = {isa = PBXFileReference; lastKnownFileType = text.plist.xml; path = Info.plist; sourceTree = "<group>"; };
		2277DABD1F278B91004CC4DE /* 05_uistackviewTests.xctest */ = {isa = PBXFileReference; explicitFileType = wrapper.cfbundle; includeInIndex = 0; path = 05_uistackviewTests.xctest; sourceTree = BUILT_PRODUCTS_DIR; };
		2277DAC11F278B91004CC4DE /* _5_uistackviewTests.swift */ = {isa = PBXFileReference; lastKnownFileType = sourcecode.swift; path = _5_uistackviewTests.swift; sourceTree = "<group>"; };
		2277DAC31F278B91004CC4DE /* Info.plist */ = {isa = PBXFileReference; lastKnownFileType = text.plist.xml; path = Info.plist; sourceTree = "<group>"; };
		2277DAC81F278B91004CC4DE /* 05_uistackviewUITests.xctest */ = {isa = PBXFileReference; explicitFileType = wrapper.cfbundle; includeInIndex = 0; path = 05_uistackviewUITests.xctest; sourceTree = BUILT_PRODUCTS_DIR; };
		2277DACC1F278B91004CC4DE /* _5_uistackviewUITests.swift */ = {isa = PBXFileReference; lastKnownFileType = sourcecode.swift; path = _5_uistackviewUITests.swift; sourceTree = "<group>"; };
		2277DACE1F278B91004CC4DE /* Info.plist */ = {isa = PBXFileReference; lastKnownFileType = text.plist.xml; path = Info.plist; sourceTree = "<group>"; };
/* End PBXFileReference section */

/* Begin PBXFrameworksBuildPhase section */
		2277DAA61F278B90004CC4DE /* Frameworks */ = {
			isa = PBXFrameworksBuildPhase;
			buildActionMask = 2147483647;
			files = (
			);
			runOnlyForDeploymentPostprocessing = 0;
		};
		2277DABA1F278B91004CC4DE /* Frameworks */ = {
			isa = PBXFrameworksBuildPhase;
			buildActionMask = 2147483647;
			files = (
			);
			runOnlyForDeploymentPostprocessing = 0;
		};
		2277DAC51F278B91004CC4DE /* Frameworks */ = {
			isa = PBXFrameworksBuildPhase;
			buildActionMask = 2147483647;
			files = (
			);
			runOnlyForDeploymentPostprocessing = 0;
		};
/* End PBXFrameworksBuildPhase section */

/* Begin PBXGroup section */
		2277DAA01F278B90004CC4DE = {
			isa = PBXGroup;
			children = (
				2277DAAB1F278B90004CC4DE /* 05_uistackview */,
				2277DAC01F278B91004CC4DE /* 05_uistackviewTests */,
				2277DACB1F278B91004CC4DE /* 05_uistackviewUITests */,
				2277DAAA1F278B90004CC4DE /* Products */,
			);
			sourceTree = "<group>";
		};
		2277DAAA1F278B90004CC4DE /* Products */ = {
			isa = PBXGroup;
			children = (
				2277DAA91F278B90004CC4DE /* 05_uistackview.app */,
				2277DABD1F278B91004CC4DE /* 05_uistackviewTests.xctest */,
				2277DAC81F278B91004CC4DE /* 05_uistackviewUITests.xctest */,
			);
			name = Products;
			sourceTree = "<group>";
		};
		2277DAAB1F278B90004CC4DE /* 05_uistackview */ = {
			isa = PBXGroup;
			children = (
				2277DAAC1F278B90004CC4DE /* AppDelegate.swift */,
				2277DAAE1F278B90004CC4DE /* ViewController.swift */,
				2277DAB01F278B90004CC4DE /* Main.storyboard */,
				2277DAB31F278B90004CC4DE /* Assets.xcassets */,
				2277DAB51F278B90004CC4DE /* LaunchScreen.storyboard */,
				2277DAB81F278B90004CC4DE /* Info.plist */,
			);
			path = 05_uistackview;
			sourceTree = "<group>";
		};
		2277DAC01F278B91004CC4DE /* 05_uistackviewTests */ = {
			isa = PBXGroup;
			children = (
				2277DAC11F278B91004CC4DE /* _5_uistackviewTests.swift */,
				2277DAC31F278B91004CC4DE /* Info.plist */,
			);
			path = 05_uistackviewTests;
			sourceTree = "<group>";
		};
		2277DACB1F278B91004CC4DE /* 05_uistackviewUITests */ = {
			isa = PBXGroup;
			children = (
				2277DACC1F278B91004CC4DE /* _5_uistackviewUITests.swift */,
				2277DACE1F278B91004CC4DE /* Info.plist */,
			);
			path = 05_uistackviewUITests;
			sourceTree = "<group>";
		};
/* End PBXGroup section */

/* Begin PBXNativeTarget section */
		2277DAA81F278B90004CC4DE /* 05_uistackview */ = {
			isa = PBXNativeTarget;
			buildConfigurationList = 2277DAD11F278B91004CC4DE /* Build configuration list for PBXNativeTarget "05_uistackview" */;
			buildPhases = (
				2277DAA51F278B90004CC4DE /* Sources */,
				2277DAA61F278B90004CC4DE /* Frameworks */,
				2277DAA71F278B90004CC4DE /* Resources */,
			);
			buildRules = (
			);
			dependencies = (
			);
			name = 05_uistackview;
			productName = 05_uistackview;
			productReference = 2277DAA91F278B90004CC4DE /* 05_uistackview.app */;
			productType = "com.apple.product-type.application";
		};
		2277DABC1F278B91004CC4DE /* 05_uistackviewTests */ = {
			isa = PBXNativeTarget;
			buildConfigurationList = 2277DAD41F278B91004CC4DE /* Build configuration list for PBXNativeTarget "05_uistackviewTests" */;
			buildPhases = (
				2277DAB91F278B91004CC4DE /* Sources */,
				2277DABA1F278B91004CC4DE /* Frameworks */,
				2277DABB1F278B91004CC4DE /* Resources */,
			);
			buildRules = (
			);
			dependencies = (
				2277DABF1F278B91004CC4DE /* PBXTargetDependency */,
			);
			name = 05_uistackviewTests;
			productName = 05_uistackviewTests;
			productReference = 2277DABD1F278B91004CC4DE /* 05_uistackviewTests.xctest */;
			productType = "com.apple.product-type.bundle.unit-test";
		};
		2277DAC71F278B91004CC4DE /* 05_uistackviewUITests */ = {
			isa = PBXNativeTarget;
			buildConfigurationList = 2277DAD71F278B91004CC4DE /* Build configuration list for PBXNativeTarget "05_uistackviewUITests" */;
			buildPhases = (
				2277DAC41F278B91004CC4DE /* Sources */,
				2277DAC51F278B91004CC4DE /* Frameworks */,
				2277DAC61F278B91004CC4DE /* Resources */,
			);
			buildRules = (
			);
			dependencies = (
				2277DACA1F278B91004CC4DE /* PBXTargetDependency */,
			);
			name = 05_uistackviewUITests;
			productName = 05_uistackviewUITests;
			productReference = 2277DAC81F278B91004CC4DE /* 05_uistackviewUITests.xctest */;
			productType = "com.apple.product-type.bundle.ui-testing";
		};
/* End PBXNativeTarget section */

/* Begin PBXProject section */
		2277DAA11F278B90004CC4DE /* Project object */ = {
			isa = PBXProject;
			attributes = {
				LastSwiftUpdateCheck = 0830;
				LastUpgradeCheck = 0830;
				ORGANIZATIONNAME = "David Raygoza";
				TargetAttributes = {
					2277DAA81F278B90004CC4DE = {
						CreatedOnToolsVersion = 8.3.3;
						ProvisioningStyle = Automatic;
					};
					2277DABC1F278B91004CC4DE = {
						CreatedOnToolsVersion = 8.3.3;
						ProvisioningStyle = Automatic;
						TestTargetID = 2277DAA81F278B90004CC4DE;
					};
					2277DAC71F278B91004CC4DE = {
						CreatedOnToolsVersion = 8.3.3;
						ProvisioningStyle = Automatic;
						TestTargetID = 2277DAA81F278B90004CC4DE;
					};
				};
			};
			buildConfigurationList = 2277DAA41F278B90004CC4DE /* Build configuration list for PBXProject "05_uistackview" */;
			compatibilityVersion = "Xcode 3.2";
			developmentRegion = English;
			hasScannedForEncodings = 0;
			knownRegions = (
				en,
				Base,
			);
			mainGroup = 2277DAA01F278B90004CC4DE;
			productRefGroup = 2277DAAA1F278B90004CC4DE /* Products */;
			projectDirPath = "";
			projectRoot = "";
			targets = (
				2277DAA81F278B90004CC4DE /* 05_uistackview */,
				2277DABC1F278B91004CC4DE /* 05_uistackviewTests */,
				2277DAC71F278B91004CC4DE /* 05_uistackviewUITests */,
			);
		};
/* End PBXProject section */

/* Begin PBXResourcesBuildPhase section */
		2277DAA71F278B90004CC4DE /* Resources */ = {
			isa = PBXResourcesBuildPhase;
			buildActionMask = 2147483647;
			files = (
				2277DAB71F278B90004CC4DE /* LaunchScreen.storyboard in Resources */,
				2277DAB41F278B90004CC4DE /* Assets.xcassets in Resources */,
				2277DAB21F278B90004CC4DE /* Main.storyboard in Resources */,
			);
			runOnlyForDeploymentPostprocessing = 0;
		};
		2277DABB1F278B91004CC4DE /* Resources */ = {
			isa = PBXResourcesBuildPhase;
			buildActionMask = 2147483647;
			files = (
			);
			runOnlyForDeploymentPostprocessing = 0;
		};
		2277DAC61F278B91004CC4DE /* Resources */ = {
			isa = PBXResourcesBuildPhase;
			buildActionMask = 2147483647;
			files = (
			);
			runOnlyForDeploymentPostprocessing = 0;
		};
/* End PBXResourcesBuildPhase section */

/* Begin PBXSourcesBuildPhase section */
		2277DAA51F278B90004CC4DE /* Sources */ = {
			isa = PBXSourcesBuildPhase;
			buildActionMask = 2147483647;
			files = (
				2277DAAF1F278B90004CC4DE /* ViewController.swift in Sources */,
				2277DAAD1F278B90004CC4DE /* AppDelegate.swift in Sources */,
			);
			runOnlyForDeploymentPostprocessing = 0;
		};
		2277DAB91F278B91004CC4DE /* Sources */ = {
			isa = PBXSourcesBuildPhase;
			buildActionMask = 2147483647;
			files = (
				2277DAC21F278B91004CC4DE /* _5_uistackviewTests.swift in Sources */,
			);
			runOnlyForDeploymentPostprocessing = 0;
		};
		2277DAC41F278B91004CC4DE /* Sources */ = {
			isa = PBXSourcesBuildPhase;
			buildActionMask = 2147483647;
			files = (
				2277DACD1F278B91004CC4DE /* _5_uistackviewUITests.swift in Sources */,
			);
			runOnlyForDeploymentPostprocessing = 0;
		};
/* End PBXSourcesBuildPhase section */

/* Begin PBXTargetDependency section */
		2277DABF1F278B91004CC4DE /* PBXTargetDependency */ = {
			isa = PBXTargetDependency;
			target = 2277DAA81F278B90004CC4DE /* 05_uistackview */;
			targetProxy = 2277DABE1F278B91004CC4DE /* PBXContainerItemProxy */;
		};
		2277DACA1F278B91004CC4DE /* PBXTargetDependency */ = {
			isa = PBXTargetDependency;
			target = 2277DAA81F278B90004CC4DE /* 05_uistackview */;
			targetProxy = 2277DAC91F278B91004CC4DE /* PBXContainerItemProxy */;
		};
/* End PBXTargetDependency section */

/* Begin PBXVariantGroup section */
		2277DAB01F278B90004CC4DE /* Main.storyboard */ = {
			isa = PBXVariantGroup;
			children = (
				2277DAB11F278B90004CC4DE /* Base */,
			);
			name = Main.storyboard;
			sourceTree = "<group>";
		};
		2277DAB51F278B90004CC4DE /* LaunchScreen.storyboard */ = {
			isa = PBXVariantGroup;
			children = (
				2277DAB61F278B90004CC4DE /* Base */,
			);
			name = LaunchScreen.storyboard;
			sourceTree = "<group>";
		};
/* End PBXVariantGroup section */

/* Begin XCBuildConfiguration section */
		2277DACF1F278B91004CC4DE /* Debug */ = {
			isa = XCBuildConfiguration;
			buildSettings = {
				ALWAYS_SEARCH_USER_PATHS = NO;
				CLANG_ANALYZER_NONNULL = YES;
				CLANG_ANALYZER_NUMBER_OBJECT_CONVERSION = YES_AGGRESSIVE;
				CLANG_CXX_LANGUAGE_STANDARD = "gnu++0x";
				CLANG_CXX_LIBRARY = "libc++";
				CLANG_ENABLE_MODULES = YES;
				CLANG_ENABLE_OBJC_ARC = YES;
				CLANG_WARN_BOOL_CONVERSION = YES;
				CLANG_WARN_CONSTANT_CONVERSION = YES;
				CLANG_WARN_DIRECT_OBJC_ISA_USAGE = YES_ERROR;
				CLANG_WARN_DOCUMENTATION_COMMENTS = YES;
				CLANG_WARN_EMPTY_BODY = YES;
				CLANG_WARN_ENUM_CONVERSION = YES;
				CLANG_WARN_INFINITE_RECURSION = YES;
				CLANG_WARN_INT_CONVERSION = YES;
				CLANG_WARN_OBJC_ROOT_CLASS = YES_ERROR;
				CLANG_WARN_SUSPICIOUS_MOVE = YES;
				CLANG_WARN_UNREACHABLE_CODE = YES;
				CLANG_WARN__DUPLICATE_METHOD_MATCH = YES;
				"CODE_SIGN_IDENTITY[sdk=iphoneos*]" = "iPhone Developer";
				COPY_PHASE_STRIP = NO;
				DEBUG_INFORMATION_FORMAT = dwarf;
				ENABLE_STRICT_OBJC_MSGSEND = YES;
				ENABLE_TESTABILITY = YES;
				GCC_C_LANGUAGE_STANDARD = gnu99;
				GCC_DYNAMIC_NO_PIC = NO;
				GCC_NO_COMMON_BLOCKS = YES;
				GCC_OPTIMIZATION_LEVEL = 0;
				GCC_PREPROCESSOR_DEFINITIONS = (
					"DEBUG=1",
					"$(inherited)",
				);
				GCC_WARN_64_TO_32_BIT_CONVERSION = YES;
				GCC_WARN_ABOUT_RETURN_TYPE = YES_ERROR;
				GCC_WARN_UNDECLARED_SELECTOR = YES;
				GCC_WARN_UNINITIALIZED_AUTOS = YES_AGGRESSIVE;
				GCC_WARN_UNUSED_FUNCTION = YES;
				GCC_WARN_UNUSED_VARIABLE = YES;
				IPHONEOS_DEPLOYMENT_TARGET = 10.3;
				MTL_ENABLE_DEBUG_INFO = YES;
				ONLY_ACTIVE_ARCH = YES;
				SDKROOT = iphoneos;
				SWIFT_ACTIVE_COMPILATION_CONDITIONS = DEBUG;
				SWIFT_OPTIMIZATION_LEVEL = "-Onone";
				TARGETED_DEVICE_FAMILY = "1,2";
			};
			name = Debug;
		};
		2277DAD01F278B91004CC4DE /* Release */ = {
			isa = XCBuildConfiguration;
			buildSettings = {
				ALWAYS_SEARCH_USER_PATHS = NO;
				CLANG_ANALYZER_NONNULL = YES;
				CLANG_ANALYZER_NUMBER_OBJECT_CONVERSION = YES_AGGRESSIVE;
				CLANG_CXX_LANGUAGE_STANDARD = "gnu++0x";
				CLANG_CXX_LIBRARY = "libc++";
				CLANG_ENABLE_MODULES = YES;
				CLANG_ENABLE_OBJC_ARC = YES;
				CLANG_WARN_BOOL_CONVERSION = YES;
				CLANG_WARN_CONSTANT_CONVERSION = YES;
				CLANG_WARN_DIRECT_OBJC_ISA_USAGE = YES_ERROR;
				CLANG_WARN_DOCUMENTATION_COMMENTS = YES;
				CLANG_WARN_EMPTY_BODY = YES;
				CLANG_WARN_ENUM_CONVERSION = YES;
				CLANG_WARN_INFINITE_RECURSION = YES;
				CLANG_WARN_INT_CONVERSION = YES;
				CLANG_WARN_OBJC_ROOT_CLASS = YES_ERROR;
				CLANG_WARN_SUSPICIOUS_MOVE = YES;
				CLANG_WARN_UNREACHABLE_CODE = YES;
				CLANG_WARN__DUPLICATE_METHOD_MATCH = YES;
				"CODE_SIGN_IDENTITY[sdk=iphoneos*]" = "iPhone Developer";
				COPY_PHASE_STRIP = NO;
				DEBUG_INFORMATION_FORMAT = "dwarf-with-dsym";
				ENABLE_NS_ASSERTIONS = NO;
				ENABLE_STRICT_OBJC_MSGSEND = YES;
				GCC_C_LANGUAGE_STANDARD = gnu99;
				GCC_NO_COMMON_BLOCKS = YES;
				GCC_WARN_64_TO_32_BIT_CONVERSION = YES;
				GCC_WARN_ABOUT_RETURN_TYPE = YES_ERROR;
				GCC_WARN_UNDECLARED_SELECTOR = YES;
				GCC_WARN_UNINITIALIZED_AUTOS = YES_AGGRESSIVE;
				GCC_WARN_UNUSED_FUNCTION = YES;
				GCC_WARN_UNUSED_VARIABLE = YES;
				IPHONEOS_DEPLOYMENT_TARGET = 10.3;
				MTL_ENABLE_DEBUG_INFO = NO;
				SDKROOT = iphoneos;
				SWIFT_OPTIMIZATION_LEVEL = "-Owholemodule";
				TARGETED_DEVICE_FAMILY = "1,2";
				VALIDATE_PRODUCT = YES;
			};
			name = Release;
		};
		2277DAD21F278B91004CC4DE /* Debug */ = {
			isa = XCBuildConfiguration;
			buildSettings = {
				ASSETCATALOG_COMPILER_APPICON_NAME = AppIcon;
				INFOPLIST_FILE = 05_uistackview/Info.plist;
				LD_RUNPATH_SEARCH_PATHS = "$(inherited) @executable_path/Frameworks";
				PRODUCT_BUNDLE_IDENTIFIER = "com.varangard.-5-uistackview";
				PRODUCT_NAME = "$(TARGET_NAME)";
				SWIFT_VERSION = 3.0;
			};
			name = Debug;
		};
		2277DAD31F278B91004CC4DE /* Release */ = {
			isa = XCBuildConfiguration;
			buildSettings = {
				ASSETCATALOG_COMPILER_APPICON_NAME = AppIcon;
				INFOPLIST_FILE = 05_uistackview/Info.plist;
				LD_RUNPATH_SEARCH_PATHS = "$(inherited) @executable_path/Frameworks";
				PRODUCT_BUNDLE_IDENTIFIER = "com.varangard.-5-uistackview";
				PRODUCT_NAME = "$(TARGET_NAME)";
				SWIFT_VERSION = 3.0;
			};
			name = Release;
		};
		2277DAD51F278B91004CC4DE /* Debug */ = {
			isa = XCBuildConfiguration;
			buildSettings = {
				ALWAYS_EMBED_SWIFT_STANDARD_LIBRARIES = YES;
				BUNDLE_LOADER = "$(TEST_HOST)";
				INFOPLIST_FILE = 05_uistackviewTests/Info.plist;
				LD_RUNPATH_SEARCH_PATHS = "$(inherited) @executable_path/Frameworks @loader_path/Frameworks";
				PRODUCT_BUNDLE_IDENTIFIER = "com.varangard.-5-uistackviewTests";
				PRODUCT_NAME = "$(TARGET_NAME)";
				SWIFT_VERSION = 3.0;
				TEST_HOST = "$(BUILT_PRODUCTS_DIR)/05_uistackview.app/05_uistackview";
			};
			name = Debug;
		};
		2277DAD61F278B91004CC4DE /* Release */ = {
			isa = XCBuildConfiguration;
			buildSettings = {
				ALWAYS_EMBED_SWIFT_STANDARD_LIBRARIES = YES;
				BUNDLE_LOADER = "$(TEST_HOST)";
				INFOPLIST_FILE = 05_uistackviewTests/Info.plist;
				LD_RUNPATH_SEARCH_PATHS = "$(inherited) @executable_path/Frameworks @loader_path/Frameworks";
				PRODUCT_BUNDLE_IDENTIFIER = "com.varangard.-5-uistackviewTests";
				PRODUCT_NAME = "$(TARGET_NAME)";
				SWIFT_VERSION = 3.0;
				TEST_HOST = "$(BUILT_PRODUCTS_DIR)/05_uistackview.app/05_uistackview";
			};
			name = Release;
		};
		2277DAD81F278B91004CC4DE /* Debug */ = {
			isa = XCBuildConfiguration;
			buildSettings = {
				ALWAYS_EMBED_SWIFT_STANDARD_LIBRARIES = YES;
				INFOPLIST_FILE = 05_uistackviewUITests/Info.plist;
				LD_RUNPATH_SEARCH_PATHS = "$(inherited) @executable_path/Frameworks @loader_path/Frameworks";
				PRODUCT_BUNDLE_IDENTIFIER = "com.varangard.-5-uistackviewUITests";
				PRODUCT_NAME = "$(TARGET_NAME)";
				SWIFT_VERSION = 3.0;
				TEST_TARGET_NAME = 05_uistackview;
			};
			name = Debug;
		};
		2277DAD91F278B91004CC4DE /* Release */ = {
			isa = XCBuildConfiguration;
			buildSettings = {
				ALWAYS_EMBED_SWIFT_STANDARD_LIBRARIES = YES;
				INFOPLIST_FILE = 05_uistackviewUITests/Info.plist;
				LD_RUNPATH_SEARCH_PATHS = "$(inherited) @executable_path/Frameworks @loader_path/Frameworks";
				PRODUCT_BUNDLE_IDENTIFIER = "com.varangard.-5-uistackviewUITests";
				PRODUCT_NAME = "$(TARGET_NAME)";
				SWIFT_VERSION = 3.0;
				TEST_TARGET_NAME = 05_uistackview;
			};
			name = Release;
		};
/* End XCBuildConfiguration section */

/* Begin XCConfigurationList section */
		2277DAA41F278B90004CC4DE /* Build configuration list for PBXProject "05_uistackview" */ = {
			isa = XCConfigurationList;
			buildConfigurations = (
				2277DACF1F278B91004CC4DE /* Debug */,
				2277DAD01F278B91004CC4DE /* Release */,
			);
			defaultConfigurationIsVisible = 0;
			defaultConfigurationName = Release;
		};
		2277DAD11F278B91004CC4DE /* Build configuration list for PBXNativeTarget "05_uistackview" */ = {
			isa = XCConfigurationList;
			buildConfigurations = (
				2277DAD21F278B91004CC4DE /* Debug */,
				2277DAD31F278B91004CC4DE /* Release */,
			);
			defaultConfigurationIsVisible = 0;
		};
		2277DAD41F278B91004CC4DE /* Build configuration list for PBXNativeTarget "05_uistackviewTests" */ = {
			isa = XCConfigurationList;
			buildConfigurations = (
				2277DAD51F278B91004CC4DE /* Debug */,
				2277DAD61F278B91004CC4DE /* Release */,
			);
			defaultConfigurationIsVisible = 0;
		};
		2277DAD71F278B91004CC4DE /* Build configuration list for PBXNativeTarget "05_uistackviewUITests" */ = {
			isa = XCConfigurationList;
			buildConfigurations = (
				2277DAD81F278B91004CC4DE /* Debug */,
				2277DAD91F278B91004CC4DE /* Release */,
			);
			defaultConfigurationIsVisible = 0;
		};
/* End XCConfigurationList section */
	};
	rootObject = 2277DAA11F278B90004CC4DE /* Project object */;
}
